
Microsoft Visual Studio Solution File, Format Version 12.00
# Visual Studio Version 16
VisualStudioVersion = 16.0.29102.190
MinimumVisualStudioVersion = 10.0.40219.1
Project("{FAE04EC0-301F-11D3-BF4B-00C04F79EFBC}") = "VMMVC", "VMMVC.csproj", "{17A28D63-3D66-4130-9BC1-E2A43C9534FE}"
EndProject
Global
	GlobalSection(SolutionConfigurationPlatforms) = preSolution
		Debug|Any CPU = Debug|Any CPU
		Release|Any CPU = Release|Any CPU
	EndGlobalSection
	GlobalSection(ProjectConfigurationPlatforms) = postSolution
		{17A28D63-3D66-4130-9BC1-E2A43C9534FE}.Debug|Any CPU.ActiveCfg = Debug|Any CPU
		{17A28D63-3D66-4130-9BC1-E2A43C9534FE}.Debug|Any CPU.Build.0 = Debug|Any CPU
		{17A28D63-3D66-4130-9BC1-E2A43C9534FE}.Release|Any CPU.ActiveCfg = Release|Any CPU
		{17A28D63-3D66-4130-9BC1-E2A43C9534FE}.Release|Any CPU.Build.0 = Release|Any CPU
	EndGlobalSection
	GlobalSection(SolutionProperties) = preSolution
		HideSolutionNode = FALSE
	EndGlobalSection
	GlobalSection(ExtensibilityGlobals) = postSolution
		SolutionGuid = {6F838121-97B0-4F31-8060-664DA47CCE02}
	EndGlobalSection
EndGlobal
